
Microsoft Visual Studio Solution File, Format Version 12.00
# Visual Studio Version 16
VisualStudioVersion = 16.0.29215.179
MinimumVisualStudioVersion = 10.0.40219.1
Project("{FAE04EC0-301F-11D3-BF4B-00C04F79EFBC}") = "GameTwistAssignment", "GameTwistAssignment\GameTwistAssignment.csproj", "{D6FDD6E5-6063-4584-90D8-D16E1C94FD31}"
EndProject
Global
	GlobalSection(SolutionConfigurationPlatforms) = preSolution
		Debug|Any CPU = Debug|Any CPU
		Release|Any CPU = Release|Any CPU
	EndGlobalSection
	GlobalSection(ProjectConfigurationPlatforms) = postSolution
		{D6FDD6E5-6063-4584-90D8-D16E1C94FD31}.Debug|Any CPU.ActiveCfg = Debug|Any CPU
		{D6FDD6E5-6063-4584-90D8-D16E1C94FD31}.Debug|Any CPU.Build.0 = Debug|Any CPU
		{D6FDD6E5-6063-4584-90D8-D16E1C94FD31}.Release|Any CPU.ActiveCfg = Release|Any CPU
		{D6FDD6E5-6063-4584-90D8-D16E1C94FD31}.Release|Any CPU.Build.0 = Release|Any CPU
	EndGlobalSection
	GlobalSection(SolutionProperties) = preSolution
		HideSolutionNode = FALSE
	EndGlobalSection
	GlobalSection(ExtensibilityGlobals) = postSolution
		SolutionGuid = {B8767702-2878-4E51-8021-4035363C79C0}
	EndGlobalSection
EndGlobal
